
Microsoft Visual Studio Solution File, Format Version 12.00
# Visual Studio Version 16
VisualStudioVersion = 16.0.32602.291
MinimumVisualStudioVersion = 10.0.40219.1
Project("{FAE04EC0-301F-11D3-BF4B-00C04F79EFBC}") = "CarUpcastingDowncasting", "CarUpcastingDowncasting\CarUpcastingDowncasting.csproj", "{0C9CA16A-3796-4F66-81BF-4EA992636609}"
EndProject
Global
	GlobalSection(SolutionConfigurationPlatforms) = preSolution
		Debug|Any CPU = Debug|Any CPU
		Release|Any CPU = Release|Any CPU
	EndGlobalSection
	GlobalSection(ProjectConfigurationPlatforms) = postSolution
		{0C9CA16A-3796-4F66-81BF-4EA992636609}.Debug|Any CPU.ActiveCfg = Debug|Any CPU
		{0C9CA16A-3796-4F66-81BF-4EA992636609}.Debug|Any CPU.Build.0 = Debug|Any CPU
		{0C9CA16A-3796-4F66-81BF-4EA992636609}.Release|Any CPU.ActiveCfg = Release|Any CPU
		{0C9CA16A-3796-4F66-81BF-4EA992636609}.Release|Any CPU.Build.0 = Release|Any CPU
	EndGlobalSection
	GlobalSection(SolutionProperties) = preSolution
		HideSolutionNode = FALSE
	EndGlobalSection
	GlobalSection(ExtensibilityGlobals) = postSolution
		SolutionGuid = {6FF2DB21-A716-4D70-8D00-71B52E83EA90}
	EndGlobalSection
EndGlobal
